
Microsoft Visual Studio Solution File, Format Version 12.00
# Visual Studio Version 16
VisualStudioVersion = 16.0.32002.261
MinimumVisualStudioVersion = 10.0.40219.1
Project("{9A19103F-16F7-4668-BE54-9A1E7A4F7556}") = "Stonephonia", "Stonephonia\Stonephonia.csproj", "{F4C2CD0C-6ADA-4A34-8923-46EE4C5C7180}"
EndProject
Global
	GlobalSection(SolutionConfigurationPlatforms) = preSolution
		Debug|Any CPU = Debug|Any CPU
		Release|Any CPU = Release|Any CPU
	EndGlobalSection
	GlobalSection(ProjectConfigurationPlatforms) = postSolution
		{F4C2CD0C-6ADA-4A34-8923-46EE4C5C7180}.Debug|Any CPU.ActiveCfg = Debug|Any CPU
		{F4C2CD0C-6ADA-4A34-8923-46EE4C5C7180}.Debug|Any CPU.Build.0 = Debug|Any CPU
		{F4C2CD0C-6ADA-4A34-8923-46EE4C5C7180}.Release|Any CPU.ActiveCfg = Release|Any CPU
		{F4C2CD0C-6ADA-4A34-8923-46EE4C5C7180}.Release|Any CPU.Build.0 = Release|Any CPU
	EndGlobalSection
	GlobalSection(SolutionProperties) = preSolution
		HideSolutionNode = FALSE
	EndGlobalSection
	GlobalSection(ExtensibilityGlobals) = postSolution
		SolutionGuid = {57E27F98-F42B-4F6F-B0AD-788B4167E247}
	EndGlobalSection
EndGlobal
